{
  "name": "cortex-gfs",
  "version": "1.0.0",
  "lockfileVersion": 3,
  "requires": true,
  "packages": {
    "": {
      "name": "cortex-gfs",
      "version": "1.0.0",
      "license": "ISC",
      "dependencies": {
        "@grafana/grafana-foundation-sdk": "latest"
      }
    },
    "node_modules/@grafana/grafana-foundation-sdk": {
      "version": "10.3.0-cogv0.0.x.1749643876",
      "resolved": "https://registry.npmjs.org/@grafana/grafana-foundation-sdk/-/grafana-foundation-sdk-10.3.0-cogv0.0.x.1749643876.tgz",
      "integrity": "sha512-8BBckO7ubmaERDxakoBJ2eslwdex0pPIZH1czIzUzNqbNORWxL0HPLJ/bMlGbeq+GI7+dBiQig5xHvRMD8rp1Q==",
      "license": "Apache-2.0",
      "dependencies": {
        "tslib": "^2.6.2"
      }
    },
    "node_modules/tslib": {
      "version": "2.8.1",
      "resolved": "https://registry.npmjs.org/tslib/-/tslib-2.8.1.tgz",
      "integrity": "sha512-oJFu94HQb+KVduSUQL7wnpmqnfmLsOA/nAh6b6EH0wCEoK0/mPeXU6c3wKDV83MkOuHPRHtSXKKU99IBazS/2w==",
      "license": "0BSD"
    }
  }
}
